github.com/burntsushi/toml v0.3.0 h1:7xSK9KkjYhUFUrcGkb57k/zXyeo8yshRmbFS2P1mQT0=
github.com/burntsushi/toml v0.3.0/go.mod h1:tCq67G3LEDB9hykA6+KWl2FPEy0nPcvE8TTBhtOtdGs=
github.com/dustin/go-humanize v0.0.0-20180421182945-02af3965c54e/go.mod h1:HtrtbFcZ19U5GC7JDqmcUSB87Iq5E25KnS6fMYU6eOk=
github.com/elazarl/go-bindata-assetfs v1.0.0 h1:G/bYguwHIzWq9ZoyUQqrjTmJbbYn3j3CKKpKinvZLFk=
github.com/elazarl/go-bindata-assetfs v1.0.0/go.mod h1:v+YaWX3bdea5J/mo8dSETolEo7R71Vk1u8bnjau5yw4=
github.com/go-ini/ini v1.37.0 h1:/FpMfveJbc7ExTTDgT5nL9Vw+aZdst/c2dOxC931U+M=
github.com/go-ini/ini v1.37.0/go.mod h1:ByCAeIL28uOIIG0E3PJtZPDL8WnHpFKFOtgjp+3Ies8=
github.com/gorilla/context v1.1.1/go.mod h1:kBGZzfjB9CEq2AlWe17Uuf7NDRt0dE0s8S51q0aT7Yg=
github.com/gorilla/mux v1.6.2 h1:Pgr17XVTNXAk3q/r4CpKzC5xBM/qW1uVLV+IhRZpIIk=
github.com/gorilla/mux v1.6.2/go.mod h1:1lud6UwP+6orDFRuTfBEV8e9/aOM/c4fVVCaMa2zaAs=
github.com/minio/minio-go v6.0.4+incompatible h1:5OxeK7oGd9yfx2MYhzq4GPgdb75zti3dr20hsWx0bzo=
github.com/minio/minio-go v6.0.4+incompatible/go.mod h1:7guKYtitv8dktvNUGrhzmNlA5wrAABTQXCoesZdFQO8=
github.com/mitchellh/go-homedir v0.0.0-20180523094522-3864e76763d9 h1:Y94YB7jrsihrbGSqRNMwRWJ2/dCxr0hdC2oPRohkx0A=
github.com/mitchellh/go-homedir v0.0.0-20180523094522-3864e76763d9/go.mod h1:SfyaCUpYCn1Vlf4IUYiD9fPX4A5wJrkLzIz1N1q0pr0=
github.com/sirupsen/logrus v1.0.5 h1:8c8b5uO0zS4X6RPl/sd1ENwSkIc0/H2PaHxE3udaE8I=
github.com/sirupsen/logrus v1.0.5/go.mod h1:pMByvHTf9Beacp5x1UXfOR9xyW/9antXMhjMPG0dEzc=
golang.org/x/crypto v0.0.0-20180621125126-a49355c7e3f8 h1:h7zdf0RiEvWbYBKIx4b+q41xoUVnMmvsGZnIVE5syG8=
golang.org/x/crypto v0.0.0-20180621125126-a49355c7e3f8/go.mod h1:6SG95UA2DQfeDnfUPMdvaQW0Q7yPrPDi9nlGo2tz2b4=
golang.org/x/net v0.0.0-20180621144259-afe8f62b1d6b h1:VgWwPFFrh6LyvObbug7TZtI8EX5zwx7WsS6Y4Bqezqo=
golang.org/x/net v0.0.0-20180621144259-afe8f62b1d6b/go.mod h1:mL1N/T3taQHkDXs73rZJwtUhF3w3ftmwwsq0BUmARs4=
golang.org/x/sys v0.0.0-20180625162522-a200a19cb90b h1:dzHBFAvEiygv4M/npuIZutMRcJ4d6fgWhuw7Er8rYUo=
golang.org/x/sys v0.0.0-20180625162522-a200a19cb90b/go.mod h1:STP8DvDyc/dI5b8T5hshtkjS+E42TnysNCUPdjciGhY=
golang.org/x/text v0.3.0 h1:g61tztE5qeGQ89tm6NTjjM9VPIm088od1l6aSorWRWg=
golang.org/x/text v0.3.0/go.mod h1:NqM8EUOU14njkJ3fqMW+pc6Ldnwhi/IjpwHt7yyuwOQ=
